
Microsoft Visual Studio Solution File, Format Version 11.00
# Visual Studio 2010
Project("{FAE04EC0-301F-11D3-BF4B-00C04F79EFBC}") = "UnityEngine.UI", "UnityEngine.UI.csproj", "{8236cf3d-60f5-4427-8464-80168e68370b}"
EndProject
Project("{FAE04EC0-301F-11D3-BF4B-00C04F79EFBC}") = "UnityEngine.TestRunner", "UnityEngine.TestRunner.csproj", "{294c884c-e33b-412a-c9d8-60b70311323c}"
EndProject
Project("{FAE04EC0-301F-11D3-BF4B-00C04F79EFBC}") = "Unity.Mathematics", "Unity.Mathematics.csproj", "{daf4fa37-e24e-020a-9a45-3a6eb4cbba15}"
EndProject
Project("{FAE04EC0-301F-11D3-BF4B-00C04F79EFBC}") = "Unity.VisualScripting.State", "Unity.VisualScripting.State.csproj", "{13017203-274c-26c5-7c08-11f606a5a983}"
EndProject
Project("{FAE04EC0-301F-11D3-BF4B-00C04F79EFBC}") = "Unity.VisualScripting.Core", "Unity.VisualScripting.Core.csproj", "{583adbd9-5dba-a3f6-ce0e-a9368598239e}"
EndProject
Project("{FAE04EC0-301F-11D3-BF4B-00C04F79EFBC}") = "Unity.VisualScripting.Flow", "Unity.VisualScripting.Flow.csproj", "{1ffe7eb4-fddf-9a1f-c76b-0481b73c98c1}"
EndProject
Project("{FAE04EC0-301F-11D3-BF4B-00C04F79EFBC}") = "Unity.2D.Animation.Runtime", "Unity.2D.Animation.Runtime.csproj", "{99d40d7d-7dd4-ba55-61d0-73c5f46e916b}"
EndProject
Project("{FAE04EC0-301F-11D3-BF4B-00C04F79EFBC}") = "Unity.TextMeshPro", "Unity.TextMeshPro.csproj", "{e2c8a436-22fc-1772-e373-a940beed7892}"
EndProject
Project("{FAE04EC0-301F-11D3-BF4B-00C04F79EFBC}") = "Unity.Timeline", "Unity.Timeline.csproj", "{3124083c-bea0-8896-bd25-115cff8ddc64}"
EndProject
Project("{FAE04EC0-301F-11D3-BF4B-00C04F79EFBC}") = "Unity.2D.SpriteShape.Runtime", "Unity.2D.SpriteShape.Runtime.csproj", "{c94887d5-bc1f-4d59-da7b-4a7b1e5d7646}"
EndProject
Project("{FAE04EC0-301F-11D3-BF4B-00C04F79EFBC}") = "Unity.2D.Animation.Triangle.Runtime", "Unity.2D.Animation.Triangle.Runtime.csproj", "{feb0c31a-d758-fe49-d6b7-0070728f6e4c}"
EndProject
Project("{FAE04EC0-301F-11D3-BF4B-00C04F79EFBC}") = "Unity.2D.PixelPerfect", "Unity.2D.PixelPerfect.csproj", "{8c2f4528-5c41-38db-c51a-67c27f48d9de}"
EndProject
Project("{FAE04EC0-301F-11D3-BF4B-00C04F79EFBC}") = "Unity.2D.IK.Runtime", "Unity.2D.IK.Runtime.csproj", "{4c56087a-c377-405f-1fbf-da068bfa1930}"
EndProject
Project("{FAE04EC0-301F-11D3-BF4B-00C04F79EFBC}") = "Unity.2D.Tilemap.Extras", "Unity.2D.Tilemap.Extras.csproj", "{e4f801c5-7ad6-5c6b-6e04-46fa6027c435}"
EndProject
Project("{FAE04EC0-301F-11D3-BF4B-00C04F79EFBC}") = "Unity.2D.Common.Runtime", "Unity.2D.Common.Runtime.csproj", "{00c145f6-9a0a-e3bc-3297-38ca3ff9f07e}"
EndProject
Project("{FAE04EC0-301F-11D3-BF4B-00C04F79EFBC}") = "Unity.InternalAPIEngineBridge.001", "Unity.InternalAPIEngineBridge.001.csproj", "{42c9d4ac-db97-2e01-3f80-3275d75ccfa2}"
EndProject
Project("{FAE04EC0-301F-11D3-BF4B-00C04F79EFBC}") = "Assembly-CSharp", "Assembly-CSharp.csproj", "{84d4ba2b-45e1-1a84-d342-a8062a684ae2}"
EndProject
Project("{FAE04EC0-301F-11D3-BF4B-00C04F79EFBC}") = "Unity.PlasticSCM.Editor", "Unity.PlasticSCM.Editor.csproj", "{f54ea8c4-b1a3-1925-b4a8-357e376eb2f9}"
EndProject
Project("{FAE04EC0-301F-11D3-BF4B-00C04F79EFBC}") = "Unity.VisualScripting.Core.Editor", "Unity.VisualScripting.Core.Editor.csproj", "{6abc1422-439b-e856-ece6-d313cb041aa6}"
EndProject
Project("{FAE04EC0-301F-11D3-BF4B-00C04F79EFBC}") = "Unity.VisualStudio.Editor", "Unity.VisualStudio.Editor.csproj", "{98e62f22-74a7-4f0c-9ec3-da08e5d8eb68}"
EndProject
Project("{FAE04EC0-301F-11D3-BF4B-00C04F79EFBC}") = "Unity.Timeline.Editor", "Unity.Timeline.Editor.csproj", "{1c736494-c84d-a92a-d36f-1dff04215715}"
EndProject
Project("{FAE04EC0-301F-11D3-BF4B-00C04F79EFBC}") = "Unity.VisualScripting.State.Editor", "Unity.VisualScripting.State.Editor.csproj", "{54c87ddb-451f-8f92-2833-2b365ec83ef4}"
EndProject
Project("{FAE04EC0-301F-11D3-BF4B-00C04F79EFBC}") = "Unity.TextMeshPro.Editor", "Unity.TextMeshPro.Editor.csproj", "{aea022fc-3553-9c13-e482-a338d48a9dc7}"
EndProject
Project("{FAE04EC0-301F-11D3-BF4B-00C04F79EFBC}") = "Unity.2D.Animation.Editor", "Unity.2D.Animation.Editor.csproj", "{a06b2f2c-3585-e42c-54be-a025f97581e4}"
EndProject
Project("{FAE04EC0-301F-11D3-BF4B-00C04F79EFBC}") = "VSSettingsProvider", "VSSettingsProvider.csproj", "{a49c24cd-834c-227e-8861-1f3088296cc4}"
EndProject
Project("{FAE04EC0-301F-11D3-BF4B-00C04F79EFBC}") = "Unity.CollabProxy.Editor", "Unity.CollabProxy.Editor.csproj", "{3f7d9bda-6db8-a91b-ddfc-1b2b2552af10}"
EndProject
Project("{FAE04EC0-301F-11D3-BF4B-00C04F79EFBC}") = "UnityEditor.TestRunner", "UnityEditor.TestRunner.csproj", "{3bb89518-5f21-615c-2b0e-7459dd9e1ff0}"
EndProject
Project("{FAE04EC0-301F-11D3-BF4B-00C04F79EFBC}") = "Unity.VisualScripting.Flow.Editor", "Unity.VisualScripting.Flow.Editor.csproj", "{ddfbfbf6-3142-a062-ada2-9b727e07160d}"
EndProject
Project("{FAE04EC0-301F-11D3-BF4B-00C04F79EFBC}") = "Unity.Rider.Editor", "Unity.Rider.Editor.csproj", "{06ccee88-57f3-d8b1-55d5-357365dd04af}"
EndProject
Project("{FAE04EC0-301F-11D3-BF4B-00C04F79EFBC}") = "Unity.2D.Path.Editor", "Unity.2D.Path.Editor.csproj", "{eaf9764c-cf5b-eed9-18d8-adfc18ae637a}"
EndProject
Project("{FAE04EC0-301F-11D3-BF4B-00C04F79EFBC}") = "PsdPlugin", "PsdPlugin.csproj", "{ae4f8297-9d64-b43a-b327-04bbe42fa15c}"
EndProject
Project("{FAE04EC0-301F-11D3-BF4B-00C04F79EFBC}") = "Unity.2D.IK.Editor", "Unity.2D.IK.Editor.csproj", "{f207e049-7857-131f-1eb6-5443b4d5fc00}"
EndProject
Project("{FAE04EC0-301F-11D3-BF4B-00C04F79EFBC}") = "Unity.2D.Psdimporter.Editor", "Unity.2D.Psdimporter.Editor.csproj", "{0c7c3bea-a45b-796a-24fd-e0ea1d67b69a}"
EndProject
Project("{FAE04EC0-301F-11D3-BF4B-00C04F79EFBC}") = "Unity.2D.SpriteShape.Editor", "Unity.2D.SpriteShape.Editor.csproj", "{a6a5f31d-cec6-ab4a-6a23-704cd23d296e}"
EndProject
Project("{FAE04EC0-301F-11D3-BF4B-00C04F79EFBC}") = "Unity.2D.Tilemap.Editor", "Unity.2D.Tilemap.Editor.csproj", "{73ae1bda-948b-03c0-51af-820f5634908f}"
EndProject
Project("{FAE04EC0-301F-11D3-BF4B-00C04F79EFBC}") = "Unity.2D.PixelPerfect.Editor", "Unity.2D.PixelPerfect.Editor.csproj", "{a31db131-d37a-9247-fb8e-ada327ff1217}"
EndProject
Project("{FAE04EC0-301F-11D3-BF4B-00C04F79EFBC}") = "Unity.VSCode.Editor", "Unity.VSCode.Editor.csproj", "{bacb8ccd-0564-3c28-8bd0-27686953e717}"
EndProject
Project("{FAE04EC0-301F-11D3-BF4B-00C04F79EFBC}") = "Unity.2D.Sprite.Editor", "Unity.2D.Sprite.Editor.csproj", "{752b9aa8-1c48-5c46-b33e-ddf4608d389c}"
EndProject
Project("{FAE04EC0-301F-11D3-BF4B-00C04F79EFBC}") = "UnityEditor.UI", "UnityEditor.UI.csproj", "{8cf5c2fd-aa12-0771-1b33-4782bffed6f4}"
EndProject
Project("{FAE04EC0-301F-11D3-BF4B-00C04F79EFBC}") = "Unity.Mathematics.Editor", "Unity.Mathematics.Editor.csproj", "{09662dce-9e64-cac6-f1d7-6089d2723e5a}"
EndProject
Project("{FAE04EC0-301F-11D3-BF4B-00C04F79EFBC}") = "Unity.2D.Common.Editor", "Unity.2D.Common.Editor.csproj", "{d52a0fe2-fb51-418c-b19b-6d694c55e6b9}"
EndProject
Project("{FAE04EC0-301F-11D3-BF4B-00C04F79EFBC}") = "Unity.2D.Tilemap.Extras.Editor", "Unity.2D.Tilemap.Extras.Editor.csproj", "{acf491af-030b-335f-ca38-668a7b50955b}"
EndProject
Project("{FAE04EC0-301F-11D3-BF4B-00C04F79EFBC}") = "Unity.InternalAPIEditorBridge.001", "Unity.InternalAPIEditorBridge.001.csproj", "{3cc1126b-17eb-525f-fd76-10a9f75c68fb}"
EndProject
Project("{FAE04EC0-301F-11D3-BF4B-00C04F79EFBC}") = "Unity.SysrootPackage.Editor", "Unity.SysrootPackage.Editor.csproj", "{24d7fca4-7976-0043-1369-2751ed35af57}"
EndProject
Project("{FAE04EC0-301F-11D3-BF4B-00C04F79EFBC}") = "Unity.Toolchain.Win-x86_64-Linux-x86_64", "Unity.Toolchain.Win-x86_64-Linux-x86_64.csproj", "{47ec8abe-f4a7-e82b-c35c-989c1d005a8d}"
EndProject
Project("{FAE04EC0-301F-11D3-BF4B-00C04F79EFBC}") = "Unity.Sysroot.Linux_x86_64", "Unity.Sysroot.Linux_x86_64.csproj", "{f210428f-0a16-9717-db80-b1666bab365f}"
EndProject
Global
	GlobalSection(SolutionConfigurationPlatforms) = preSolution
		Debug|Any CPU = Debug|Any CPU
	EndGlobalSection
	GlobalSection(ProjectConfigurationPlatforms) = postSolution
		{8236cf3d-60f5-4427-8464-80168e68370b}.Debug|Any CPU.ActiveCfg = Debug|Any CPU
		{8236cf3d-60f5-4427-8464-80168e68370b}.Debug|Any CPU.Build.0 = Debug|Any CPU
		{294c884c-e33b-412a-c9d8-60b70311323c}.Debug|Any CPU.ActiveCfg = Debug|Any CPU
		{294c884c-e33b-412a-c9d8-60b70311323c}.Debug|Any CPU.Build.0 = Debug|Any CPU
		{daf4fa37-e24e-020a-9a45-3a6eb4cbba15}.Debug|Any CPU.ActiveCfg = Debug|Any CPU
		{daf4fa37-e24e-020a-9a45-3a6eb4cbba15}.Debug|Any CPU.Build.0 = Debug|Any CPU
		{13017203-274c-26c5-7c08-11f606a5a983}.Debug|Any CPU.ActiveCfg = Debug|Any CPU
		{13017203-274c-26c5-7c08-11f606a5a983}.Debug|Any CPU.Build.0 = Debug|Any CPU
		{583adbd9-5dba-a3f6-ce0e-a9368598239e}.Debug|Any CPU.ActiveCfg = Debug|Any CPU
		{583adbd9-5dba-a3f6-ce0e-a9368598239e}.Debug|Any CPU.Build.0 = Debug|Any CPU
		{1ffe7eb4-fddf-9a1f-c76b-0481b73c98c1}.Debug|Any CPU.ActiveCfg = Debug|Any CPU
		{1ffe7eb4-fddf-9a1f-c76b-0481b73c98c1}.Debug|Any CPU.Build.0 = Debug|Any CPU
		{99d40d7d-7dd4-ba55-61d0-73c5f46e916b}.Debug|Any CPU.ActiveCfg = Debug|Any CPU
		{99d40d7d-7dd4-ba55-61d0-73c5f46e916b}.Debug|Any CPU.Build.0 = Debug|Any CPU
		{e2c8a436-22fc-1772-e373-a940beed7892}.Debug|Any CPU.ActiveCfg = Debug|Any CPU
		{e2c8a436-22fc-1772-e373-a940beed7892}.Debug|Any CPU.Build.0 = Debug|Any CPU
		{3124083c-bea0-8896-bd25-115cff8ddc64}.Debug|Any CPU.ActiveCfg = Debug|Any CPU
		{3124083c-bea0-8896-bd25-115cff8ddc64}.Debug|Any CPU.Build.0 = Debug|Any CPU
		{c94887d5-bc1f-4d59-da7b-4a7b1e5d7646}.Debug|Any CPU.ActiveCfg = Debug|Any CPU
		{c94887d5-bc1f-4d59-da7b-4a7b1e5d7646}.Debug|Any CPU.Build.0 = Debug|Any CPU
		{feb0c31a-d758-fe49-d6b7-0070728f6e4c}.Debug|Any CPU.ActiveCfg = Debug|Any CPU
		{feb0c31a-d758-fe49-d6b7-0070728f6e4c}.Debug|Any CPU.Build.0 = Debug|Any CPU
		{8c2f4528-5c41-38db-c51a-67c27f48d9de}.Debug|Any CPU.ActiveCfg = Debug|Any CPU
		{8c2f4528-5c41-38db-c51a-67c27f48d9de}.Debug|Any CPU.Build.0 = Debug|Any CPU
		{4c56087a-c377-405f-1fbf-da068bfa1930}.Debug|Any CPU.ActiveCfg = Debug|Any CPU
		{4c56087a-c377-405f-1fbf-da068bfa1930}.Debug|Any CPU.Build.0 = Debug|Any CPU
		{e4f801c5-7ad6-5c6b-6e04-46fa6027c435}.Debug|Any CPU.ActiveCfg = Debug|Any CPU
		{e4f801c5-7ad6-5c6b-6e04-46fa6027c435}.Debug|Any CPU.Build.0 = Debug|Any CPU
		{00c145f6-9a0a-e3bc-3297-38ca3ff9f07e}.Debug|Any CPU.ActiveCfg = Debug|Any CPU
		{00c145f6-9a0a-e3bc-3297-38ca3ff9f07e}.Debug|Any CPU.Build.0 = Debug|Any CPU
		{42c9d4ac-db97-2e01-3f80-3275d75ccfa2}.Debug|Any CPU.ActiveCfg = Debug|Any CPU
		{42c9d4ac-db97-2e01-3f80-3275d75ccfa2}.Debug|Any CPU.Build.0 = Debug|Any CPU
		{84d4ba2b-45e1-1a84-d342-a8062a684ae2}.Debug|Any CPU.ActiveCfg = Debug|Any CPU
		{84d4ba2b-45e1-1a84-d342-a8062a684ae2}.Debug|Any CPU.Build.0 = Debug|Any CPU
		{f54ea8c4-b1a3-1925-b4a8-357e376eb2f9}.Debug|Any CPU.ActiveCfg = Debug|Any CPU
		{f54ea8c4-b1a3-1925-b4a8-357e376eb2f9}.Debug|Any CPU.Build.0 = Debug|Any CPU
		{6abc1422-439b-e856-ece6-d313cb041aa6}.Debug|Any CPU.ActiveCfg = Debug|Any CPU
		{6abc1422-439b-e856-ece6-d313cb041aa6}.Debug|Any CPU.Build.0 = Debug|Any CPU
		{98e62f22-74a7-4f0c-9ec3-da08e5d8eb68}.Debug|Any CPU.ActiveCfg = Debug|Any CPU
		{98e62f22-74a7-4f0c-9ec3-da08e5d8eb68}.Debug|Any CPU.Build.0 = Debug|Any CPU
		{1c736494-c84d-a92a-d36f-1dff04215715}.Debug|Any CPU.ActiveCfg = Debug|Any CPU
		{1c736494-c84d-a92a-d36f-1dff04215715}.Debug|Any CPU.Build.0 = Debug|Any CPU
		{54c87ddb-451f-8f92-2833-2b365ec83ef4}.Debug|Any CPU.ActiveCfg = Debug|Any CPU
		{54c87ddb-451f-8f92-2833-2b365ec83ef4}.Debug|Any CPU.Build.0 = Debug|Any CPU
		{aea022fc-3553-9c13-e482-a338d48a9dc7}.Debug|Any CPU.ActiveCfg = Debug|Any CPU
		{aea022fc-3553-9c13-e482-a338d48a9dc7}.Debug|Any CPU.Build.0 = Debug|Any CPU
		{a06b2f2c-3585-e42c-54be-a025f97581e4}.Debug|Any CPU.ActiveCfg = Debug|Any CPU
		{a06b2f2c-3585-e42c-54be-a025f97581e4}.Debug|Any CPU.Build.0 = Debug|Any CPU
		{a49c24cd-834c-227e-8861-1f3088296cc4}.Debug|Any CPU.ActiveCfg = Debug|Any CPU
		{a49c24cd-834c-227e-8861-1f3088296cc4}.Debug|Any CPU.Build.0 = Debug|Any CPU
		{3f7d9bda-6db8-a91b-ddfc-1b2b2552af10}.Debug|Any CPU.ActiveCfg = Debug|Any CPU
		{3f7d9bda-6db8-a91b-ddfc-1b2b2552af10}.Debug|Any CPU.Build.0 = Debug|Any CPU
		{3bb89518-5f21-615c-2b0e-7459dd9e1ff0}.Debug|Any CPU.ActiveCfg = Debug|Any CPU
		{3bb89518-5f21-615c-2b0e-7459dd9e1ff0}.Debug|Any CPU.Build.0 = Debug|Any CPU
		{ddfbfbf6-3142-a062-ada2-9b727e07160d}.Debug|Any CPU.ActiveCfg = Debug|Any CPU
		{ddfbfbf6-3142-a062-ada2-9b727e07160d}.Debug|Any CPU.Build.0 = Debug|Any CPU
		{06ccee88-57f3-d8b1-55d5-357365dd04af}.Debug|Any CPU.ActiveCfg = Debug|Any CPU
		{06ccee88-57f3-d8b1-55d5-357365dd04af}.Debug|Any CPU.Build.0 = Debug|Any CPU
		{eaf9764c-cf5b-eed9-18d8-adfc18ae637a}.Debug|Any CPU.ActiveCfg = Debug|Any CPU
		{eaf9764c-cf5b-eed9-18d8-adfc18ae637a}.Debug|Any CPU.Build.0 = Debug|Any CPU
		{ae4f8297-9d64-b43a-b327-04bbe42fa15c}.Debug|Any CPU.ActiveCfg = Debug|Any CPU
		{ae4f8297-9d64-b43a-b327-04bbe42fa15c}.Debug|Any CPU.Build.0 = Debug|Any CPU
		{f207e049-7857-131f-1eb6-5443b4d5fc00}.Debug|Any CPU.ActiveCfg = Debug|Any CPU
		{f207e049-7857-131f-1eb6-5443b4d5fc00}.Debug|Any CPU.Build.0 = Debug|Any CPU
		{0c7c3bea-a45b-796a-24fd-e0ea1d67b69a}.Debug|Any CPU.ActiveCfg = Debug|Any CPU
		{0c7c3bea-a45b-796a-24fd-e0ea1d67b69a}.Debug|Any CPU.Build.0 = Debug|Any CPU
		{a6a5f31d-cec6-ab4a-6a23-704cd23d296e}.Debug|Any CPU.ActiveCfg = Debug|Any CPU
		{a6a5f31d-cec6-ab4a-6a23-704cd23d296e}.Debug|Any CPU.Build.0 = Debug|Any CPU
		{73ae1bda-948b-03c0-51af-820f5634908f}.Debug|Any CPU.ActiveCfg = Debug|Any CPU
		{73ae1bda-948b-03c0-51af-820f5634908f}.Debug|Any CPU.Build.0 = Debug|Any CPU
		{a31db131-d37a-9247-fb8e-ada327ff1217}.Debug|Any CPU.ActiveCfg = Debug|Any CPU
		{a31db131-d37a-9247-fb8e-ada327ff1217}.Debug|Any CPU.Build.0 = Debug|Any CPU
		{bacb8ccd-0564-3c28-8bd0-27686953e717}.Debug|Any CPU.ActiveCfg = Debug|Any CPU
		{bacb8ccd-0564-3c28-8bd0-27686953e717}.Debug|Any CPU.Build.0 = Debug|Any CPU
		{752b9aa8-1c48-5c46-b33e-ddf4608d389c}.Debug|Any CPU.ActiveCfg = Debug|Any CPU
		{752b9aa8-1c48-5c46-b33e-ddf4608d389c}.Debug|Any CPU.Build.0 = Debug|Any CPU
		{8cf5c2fd-aa12-0771-1b33-4782bffed6f4}.Debug|Any CPU.ActiveCfg = Debug|Any CPU
		{8cf5c2fd-aa12-0771-1b33-4782bffed6f4}.Debug|Any CPU.Build.0 = Debug|Any CPU
		{09662dce-9e64-cac6-f1d7-6089d2723e5a}.Debug|Any CPU.ActiveCfg = Debug|Any CPU
		{09662dce-9e64-cac6-f1d7-6089d2723e5a}.Debug|Any CPU.Build.0 = Debug|Any CPU
		{d52a0fe2-fb51-418c-b19b-6d694c55e6b9}.Debug|Any CPU.ActiveCfg = Debug|Any CPU
		{d52a0fe2-fb51-418c-b19b-6d694c55e6b9}.Debug|Any CPU.Build.0 = Debug|Any CPU
		{acf491af-030b-335f-ca38-668a7b50955b}.Debug|Any CPU.ActiveCfg = Debug|Any CPU
		{acf491af-030b-335f-ca38-668a7b50955b}.Debug|Any CPU.Build.0 = Debug|Any CPU
		{3cc1126b-17eb-525f-fd76-10a9f75c68fb}.Debug|Any CPU.ActiveCfg = Debug|Any CPU
		{3cc1126b-17eb-525f-fd76-10a9f75c68fb}.Debug|Any CPU.Build.0 = Debug|Any CPU
		{24d7fca4-7976-0043-1369-2751ed35af57}.Debug|Any CPU.ActiveCfg = Debug|Any CPU
		{24d7fca4-7976-0043-1369-2751ed35af57}.Debug|Any CPU.Build.0 = Debug|Any CPU
		{47ec8abe-f4a7-e82b-c35c-989c1d005a8d}.Debug|Any CPU.ActiveCfg = Debug|Any CPU
		{47ec8abe-f4a7-e82b-c35c-989c1d005a8d}.Debug|Any CPU.Build.0 = Debug|Any CPU
		{f210428f-0a16-9717-db80-b1666bab365f}.Debug|Any CPU.ActiveCfg = Debug|Any CPU
		{f210428f-0a16-9717-db80-b1666bab365f}.Debug|Any CPU.Build.0 = Debug|Any CPU
	EndGlobalSection
	GlobalSection(SolutionProperties) = preSolution
		HideSolutionNode = FALSE
	EndGlobalSection
EndGlobal
